
Microsoft Visual Studio Solution File, Format Version 12.00
# Visual Studio Version 17
VisualStudioVersion = 17.4.33213.308
MinimumVisualStudioVersion = 10.0.40219.1
Project("{9A19103F-16F7-4668-BE54-9A1E7A4F7556}") = "Spendit.Server", "Server\Spendit.Server.csproj", "{5FBD0D7C-EA85-425F-A45F-3C644BF3FDB1}"
EndProject
Project("{9A19103F-16F7-4668-BE54-9A1E7A4F7556}") = "Spendit.Client", "Client\Spendit.Client.csproj", "{BB7822EC-D95C-4B1E-B785-A29B65C8F59B}"
EndProject
Project("{9A19103F-16F7-4668-BE54-9A1E7A4F7556}") = "Spendit.Shared", "Shared\Spendit.Shared.csproj", "{A6F05FF3-C092-41B2-AF06-68EC24C501A0}"
EndProject
Global
	GlobalSection(SolutionConfigurationPlatforms) = preSolution
		Debug|Any CPU = Debug|Any CPU
		Release|Any CPU = Release|Any CPU
	EndGlobalSection
	GlobalSection(ProjectConfigurationPlatforms) = postSolution
		{5FBD0D7C-EA85-425F-A45F-3C644BF3FDB1}.Debug|Any CPU.ActiveCfg = Debug|Any CPU
		{5FBD0D7C-EA85-425F-A45F-3C644BF3FDB1}.Debug|Any CPU.Build.0 = Debug|Any CPU
		{5FBD0D7C-EA85-425F-A45F-3C644BF3FDB1}.Release|Any CPU.ActiveCfg = Release|Any CPU
		{5FBD0D7C-EA85-425F-A45F-3C644BF3FDB1}.Release|Any CPU.Build.0 = Release|Any CPU
		{BB7822EC-D95C-4B1E-B785-A29B65C8F59B}.Debug|Any CPU.ActiveCfg = Debug|Any CPU
		{BB7822EC-D95C-4B1E-B785-A29B65C8F59B}.Debug|Any CPU.Build.0 = Debug|Any CPU
		{BB7822EC-D95C-4B1E-B785-A29B65C8F59B}.Release|Any CPU.ActiveCfg = Release|Any CPU
		{BB7822EC-D95C-4B1E-B785-A29B65C8F59B}.Release|Any CPU.Build.0 = Release|Any CPU
		{A6F05FF3-C092-41B2-AF06-68EC24C501A0}.Debug|Any CPU.ActiveCfg = Debug|Any CPU
		{A6F05FF3-C092-41B2-AF06-68EC24C501A0}.Debug|Any CPU.Build.0 = Debug|Any CPU
		{A6F05FF3-C092-41B2-AF06-68EC24C501A0}.Release|Any CPU.ActiveCfg = Release|Any CPU
		{A6F05FF3-C092-41B2-AF06-68EC24C501A0}.Release|Any CPU.Build.0 = Release|Any CPU
	EndGlobalSection
	GlobalSection(SolutionProperties) = preSolution
		HideSolutionNode = FALSE
	EndGlobalSection
	GlobalSection(ExtensibilityGlobals) = postSolution
		SolutionGuid = {844A6AFA-8601-46E9-9BCB-0826595E0508}
	EndGlobalSection
EndGlobal
